// !$*UTF8*$!
{
	archiveVersion = 1;
	classes = {
	};
	objectVersion = 46;
	objects = {

/* Begin PBXBuildFile section */
		807DD3F11C18315500692D78 /* AppDelegate.swift in Sources */ = {isa = PBXBuildFile; fileRef = 807DD3F01C18315500692D78 /* AppDelegate.swift */; };
		807DD3F31C18315500692D78 /* ViewController.swift in Sources */ = {isa = PBXBuildFile; fileRef = 807DD3F21C18315500692D78 /* ViewController.swift */; };
		807DD3F61C18315500692D78 /* Main.storyboard in Resources */ = {isa = PBXBuildFile; fileRef = 807DD3F41C18315500692D78 /* Main.storyboard */; };
		807DD3F91C18315500692D78 /* TSturdy.xcdatamodeld in Sources */ = {isa = PBXBuildFile; fileRef = 807DD3F71C18315500692D78 /* TSturdy.xcdatamodeld */; };
		807DD3FB1C18315500692D78 /* Assets.xcassets in Resources */ = {isa = PBXBuildFile; fileRef = 807DD3FA1C18315500692D78 /* Assets.xcassets */; };
		807DD3FE1C18315500692D78 /* LaunchScreen.storyboard in Resources */ = {isa = PBXBuildFile; fileRef = 807DD3FC1C18315500692D78 /* LaunchScreen.storyboard */; };
		807DD4091C18315500692D78 /* TSturdyTests.swift in Sources */ = {isa = PBXBuildFile; fileRef = 807DD4081C18315500692D78 /* TSturdyTests.swift */; };
		807DD4141C18315500692D78 /* TSturdyUITests.swift in Sources */ = {isa = PBXBuildFile; fileRef = 807DD4131C18315500692D78 /* TSturdyUITests.swift */; };
/* End PBXBuildFile section */

/* Begin PBXContainerItemProxy section */
		807DD4051C18315500692D78 /* PBXContainerItemProxy */ = {
			isa = PBXContainerItemProxy;
			containerPortal = 807DD3E51C18315500692D78 /* Project object */;
			proxyType = 1;
			remoteGlobalIDString = 807DD3EC1C18315500692D78;
			remoteInfo = TSturdy;
		};
		807DD4101C18315500692D78 /* PBXContainerItemProxy */ = {
			isa = PBXContainerItemProxy;
			containerPortal = 807DD3E51C18315500692D78 /* Project object */;
			proxyType = 1;
			remoteGlobalIDString = 807DD3EC1C18315500692D78;
			remoteInfo = TSturdy;
		};
/* End PBXContainerItemProxy section */

/* Begin PBXFileReference section */
		807DD3ED1C18315500692D78 /* TSturdy.app */ = {isa = PBXFileReference; explicitFileType = wrapper.application; includeInIndex = 0; path = TSturdy.app; sourceTree = BUILT_PRODUCTS_DIR; };
		807DD3F01C18315500692D78 /* AppDelegate.swift */ = {isa = PBXFileReference; lastKnownFileType = sourcecode.swift; path = AppDelegate.swift; sourceTree = "<group>"; };
		807DD3F21C18315500692D78 /* ViewController.swift */ = {isa = PBXFileReference; lastKnownFileType = sourcecode.swift; path = ViewController.swift; sourceTree = "<group>"; };
		807DD3F51C18315500692D78 /* Base */ = {isa = PBXFileReference; lastKnownFileType = file.storyboard; name = Base; path = Base.lproj/Main.storyboard; sourceTree = "<group>"; };
		807DD3F81C18315500692D78 /* TSturdy.xcdatamodel */ = {isa = PBXFileReference; lastKnownFileType = wrapper.xcdatamodel; path = TSturdy.xcdatamodel; sourceTree = "<group>"; };
		807DD3FA1C18315500692D78 /* Assets.xcassets */ = {isa = PBXFileReference; lastKnownFileType = folder.assetcatalog; path = Assets.xcassets; sourceTree = "<group>"; };
		807DD3FD1C18315500692D78 /* Base */ = {isa = PBXFileReference; lastKnownFileType = file.storyboard; name = Base; path = Base.lproj/LaunchScreen.storyboard; sourceTree = "<group>"; };
		807DD3FF1C18315500692D78 /* Info.plist */ = {isa = PBXFileReference; lastKnownFileType = text.plist.xml; path = Info.plist; sourceTree = "<group>"; };
		807DD4041C18315500692D78 /* TSturdyTests.xctest */ = {isa = PBXFileReference; explicitFileType = wrapper.cfbundle; includeInIndex = 0; path = TSturdyTests.xctest; sourceTree = BUILT_PRODUCTS_DIR; };
		807DD4081C18315500692D78 /* TSturdyTests.swift */ = {isa = PBXFileReference; lastKnownFileType = sourcecode.swift; path = TSturdyTests.swift; sourceTree = "<group>"; };
		807DD40A1C18315500692D78 /* Info.plist */ = {isa = PBXFileReference; lastKnownFileType = text.plist.xml; path = Info.plist; sourceTree = "<group>"; };
		807DD40F1C18315500692D78 /* TSturdyUITests.xctest */ = {isa = PBXFileReference; explicitFileType = wrapper.cfbundle; includeInIndex = 0; path = TSturdyUITests.xctest; sourceTree = BUILT_PRODUCTS_DIR; };
		807DD4131C18315500692D78 /* TSturdyUITests.swift */ = {isa = PBXFileReference; lastKnownFileType = sourcecode.swift; path = TSturdyUITests.swift; sourceTree = "<group>"; };
		807DD4151C18315500692D78 /* Info.plist */ = {isa = PBXFileReference; lastKnownFileType = text.plist.xml; path = Info.plist; sourceTree = "<group>"; };
/* End PBXFileReference section */

/* Begin PBXFrameworksBuildPhase section */
		807DD3EA1C18315500692D78 /* Frameworks */ = {
			isa = PBXFrameworksBuildPhase;
			buildActionMask = 2147483647;
			files = (
			);
			runOnlyForDeploymentPostprocessing = 0;
		};
		807DD4011C18315500692D78 /* Frameworks */ = {
			isa = PBXFrameworksBuildPhase;
			buildActionMask = 2147483647;
			files = (
			);
			runOnlyForDeploymentPostprocessing = 0;
		};
		807DD40C1C18315500692D78 /* Frameworks */ = {
			isa = PBXFrameworksBuildPhase;
			buildActionMask = 2147483647;
			files = (
			);
			runOnlyForDeploymentPostprocessing = 0;
		};
/* End PBXFrameworksBuildPhase section */

/* Begin PBXGroup section */
		807DD3E41C18315500692D78 = {
			isa = PBXGroup;
			children = (
				807DD3EF1C18315500692D78 /* TSturdy */,
				807DD4071C18315500692D78 /* TSturdyTests */,
				807DD4121C18315500692D78 /* TSturdyUITests */,
				807DD3EE1C18315500692D78 /* Products */,
			);
			sourceTree = "<group>";
		};
		807DD3EE1C18315500692D78 /* Products */ = {
			isa = PBXGroup;
			children = (
				807DD3ED1C18315500692D78 /* TSturdy.app */,
				807DD4041C18315500692D78 /* TSturdyTests.xctest */,
				807DD40F1C18315500692D78 /* TSturdyUITests.xctest */,
			);
			name = Products;
			sourceTree = "<group>";
		};
		807DD3EF1C18315500692D78 /* TSturdy */ = {
			isa = PBXGroup;
			children = (
				807DD3F01C18315500692D78 /* AppDelegate.swift */,
				807DD3F21C18315500692D78 /* ViewController.swift */,
				807DD3F41C18315500692D78 /* Main.storyboard */,
				807DD3FA1C18315500692D78 /* Assets.xcassets */,
				807DD3FC1C18315500692D78 /* LaunchScreen.storyboard */,
				807DD3FF1C18315500692D78 /* Info.plist */,
				807DD3F71C18315500692D78 /* TSturdy.xcdatamodeld */,
			);
			path = TSturdy;
			sourceTree = "<group>";
		};
		807DD4071C18315500692D78 /* TSturdyTests */ = {
			isa = PBXGroup;
			children = (
				807DD4081C18315500692D78 /* TSturdyTests.swift */,
				807DD40A1C18315500692D78 /* Info.plist */,
			);
			path = TSturdyTests;
			sourceTree = "<group>";
		};
		807DD4121C18315500692D78 /* TSturdyUITests */ = {
			isa = PBXGroup;
			children = (
				807DD4131C18315500692D78 /* TSturdyUITests.swift */,
				807DD4151C18315500692D78 /* Info.plist */,
			);
			path = TSturdyUITests;
			sourceTree = "<group>";
		};
/* End PBXGroup section */

/* Begin PBXNativeTarget section */
		807DD3EC1C18315500692D78 /* TSturdy */ = {
			isa = PBXNativeTarget;
			buildConfigurationList = 807DD4181C18315500692D78 /* Build configuration list for PBXNativeTarget "TSturdy" */;
			buildPhases = (
				807DD3E91C18315500692D78 /* Sources */,
				807DD3EA1C18315500692D78 /* Frameworks */,
				807DD3EB1C18315500692D78 /* Resources */,
			);
			buildRules = (
			);
			dependencies = (
			);
			name = TSturdy;
			productName = TSturdy;
			productReference = 807DD3ED1C18315500692D78 /* TSturdy.app */;
			productType = "com.apple.product-type.application";
		};
		807DD4031C18315500692D78 /* TSturdyTests */ = {
			isa = PBXNativeTarget;
			buildConfigurationList = 807DD41B1C18315500692D78 /* Build configuration list for PBXNativeTarget "TSturdyTests" */;
			buildPhases = (
				807DD4001C18315500692D78 /* Sources */,
				807DD4011C18315500692D78 /* Frameworks */,
				807DD4021C18315500692D78 /* Resources */,
			);
			buildRules = (
			);
			dependencies = (
				807DD4061C18315500692D78 /* PBXTargetDependency */,
			);
			name = TSturdyTests;
			productName = TSturdyTests;
			productReference = 807DD4041C18315500692D78 /* TSturdyTests.xctest */;
			productType = "com.apple.product-type.bundle.unit-test";
		};
		807DD40E1C18315500692D78 /* TSturdyUITests */ = {
			isa = PBXNativeTarget;
			buildConfigurationList = 807DD41E1C18315500692D78 /* Build configuration list for PBXNativeTarget "TSturdyUITests" */;
			buildPhases = (
				807DD40B1C18315500692D78 /* Sources */,
				807DD40C1C18315500692D78 /* Frameworks */,
				807DD40D1C18315500692D78 /* Resources */,
			);
			buildRules = (
			);
			dependencies = (
				807DD4111C18315500692D78 /* PBXTargetDependency */,
			);
			name = TSturdyUITests;
			productName = TSturdyUITests;
			productReference = 807DD40F1C18315500692D78 /* TSturdyUITests.xctest */;
			productType = "com.apple.product-type.bundle.ui-testing";
		};
/* End PBXNativeTarget section */

/* Begin PBXProject section */
		807DD3E51C18315500692D78 /* Project object */ = {
			isa = PBXProject;
			attributes = {
				LastUpgradeCheck = 0700;
				ORGANIZATIONNAME = "Eunkyo, Seo";
				TargetAttributes = {
					807DD3EC1C18315500692D78 = {
						CreatedOnToolsVersion = 7.0;
					};
					807DD4031C18315500692D78 = {
						CreatedOnToolsVersion = 7.0;
						TestTargetID = 807DD3EC1C18315500692D78;
					};
					807DD40E1C18315500692D78 = {
						CreatedOnToolsVersion = 7.0;
						TestTargetID = 807DD3EC1C18315500692D78;
					};
				};
			};
			buildConfigurationList = 807DD3E81C18315500692D78 /* Build configuration list for PBXProject "TSturdy" */;
			compatibilityVersion = "Xcode 3.2";
			developmentRegion = English;
			hasScannedForEncodings = 0;
			knownRegions = (
				en,
				Base,
			);
			mainGroup = 807DD3E41C18315500692D78;
			productRefGroup = 807DD3EE1C18315500692D78 /* Products */;
			projectDirPath = "";
			projectRoot = "";
			targets = (
				807DD3EC1C18315500692D78 /* TSturdy */,
				807DD4031C18315500692D78 /* TSturdyTests */,
				807DD40E1C18315500692D78 /* TSturdyUITests */,
			);
		};
/* End PBXProject section */

/* Begin PBXResourcesBuildPhase section */
		807DD3EB1C18315500692D78 /* Resources */ = {
			isa = PBXResourcesBuildPhase;
			buildActionMask = 2147483647;
			files = (
				807DD3FE1C18315500692D78 /* LaunchScreen.storyboard in Resources */,
				807DD3FB1C18315500692D78 /* Assets.xcassets in Resources */,
				807DD3F61C18315500692D78 /* Main.storyboard in Resources */,
			);
			runOnlyForDeploymentPostprocessing = 0;
		};
		807DD4021C18315500692D78 /* Resources */ = {
			isa = PBXResourcesBuildPhase;
			buildActionMask = 2147483647;
			files = (
			);
			runOnlyForDeploymentPostprocessing = 0;
		};
		807DD40D1C18315500692D78 /* Resources */ = {
			isa = PBXResourcesBuildPhase;
			buildActionMask = 2147483647;
			files = (
			);
			runOnlyForDeploymentPostprocessing = 0;
		};
/* End PBXResourcesBuildPhase section */

/* Begin PBXSourcesBuildPhase section */
		807DD3E91C18315500692D78 /* Sources */ = {
			isa = PBXSourcesBuildPhase;
			buildActionMask = 2147483647;
			files = (
				807DD3F31C18315500692D78 /* ViewController.swift in Sources */,
				807DD3F91C18315500692D78 /* TSturdy.xcdatamodeld in Sources */,
				807DD3F11C18315500692D78 /* AppDelegate.swift in Sources */,
			);
			runOnlyForDeploymentPostprocessing = 0;
		};
		807DD4001C18315500692D78 /* Sources */ = {
			isa = PBXSourcesBuildPhase;
			buildActionMask = 2147483647;
			files = (
				807DD4091C18315500692D78 /* TSturdyTests.swift in Sources */,
			);
			runOnlyForDeploymentPostprocessing = 0;
		};
		807DD40B1C18315500692D78 /* Sources */ = {
			isa = PBXSourcesBuildPhase;
			buildActionMask = 2147483647;
			files = (
				807DD4141C18315500692D78 /* TSturdyUITests.swift in Sources */,
			);
			runOnlyForDeploymentPostprocessing = 0;
		};
/* End PBXSourcesBuildPhase section */

/* Begin PBXTargetDependency section */
		807DD4061C18315500692D78 /* PBXTargetDependency */ = {
			isa = PBXTargetDependency;
			target = 807DD3EC1C18315500692D78 /* TSturdy */;
			targetProxy = 807DD4051C18315500692D78 /* PBXContainerItemProxy */;
		};
		807DD4111C18315500692D78 /* PBXTargetDependency */ = {
			isa = PBXTargetDependency;
			target = 807DD3EC1C18315500692D78 /* TSturdy */;
			targetProxy = 807DD4101C18315500692D78 /* PBXContainerItemProxy */;
		};
/* End PBXTargetDependency section */

/* Begin PBXVariantGroup section */
		807DD3F41C18315500692D78 /* Main.storyboard */ = {
			isa = PBXVariantGroup;
			children = (
				807DD3F51C18315500692D78 /* Base */,
			);
			name = Main.storyboard;
			sourceTree = "<group>";
		};
		807DD3FC1C18315500692D78 /* LaunchScreen.storyboard */ = {
			isa = PBXVariantGroup;
			children = (
				807DD3FD1C18315500692D78 /* Base */,
			);
			name = LaunchScreen.storyboard;
			sourceTree = "<group>";
		};
/* End PBXVariantGroup section */

/* Begin XCBuildConfiguration section */
		807DD4161C18315500692D78 /* Debug */ = {
			isa = XCBuildConfiguration;
			buildSettings = {
				ALWAYS_SEARCH_USER_PATHS = NO;
				CLANG_CXX_LANGUAGE_STANDARD = "gnu++0x";
				CLANG_CXX_LIBRARY = "libc++";
				CLANG_ENABLE_MODULES = YES;
				CLANG_ENABLE_OBJC_ARC = YES;
				CLANG_WARN_BOOL_CONVERSION = YES;
				CLANG_WARN_CONSTANT_CONVERSION = YES;
				CLANG_WARN_DIRECT_OBJC_ISA_USAGE = YES_ERROR;
				CLANG_WARN_EMPTY_BODY = YES;
				CLANG_WARN_ENUM_CONVERSION = YES;
				CLANG_WARN_INT_CONVERSION = YES;
				CLANG_WARN_OBJC_ROOT_CLASS = YES_ERROR;
				CLANG_WARN_UNREACHABLE_CODE = YES;
				CLANG_WARN__DUPLICATE_METHOD_MATCH = YES;
				"CODE_SIGN_IDENTITY[sdk=iphoneos*]" = "iPhone Developer";
				COPY_PHASE_STRIP = NO;
				DEBUG_INFORMATION_FORMAT = dwarf;
				ENABLE_STRICT_OBJC_MSGSEND = YES;
				ENABLE_TESTABILITY = YES;
				GCC_C_LANGUAGE_STANDARD = gnu99;
				GCC_DYNAMIC_NO_PIC = NO;
				GCC_NO_COMMON_BLOCKS = YES;
				GCC_OPTIMIZATION_LEVEL = 0;
				GCC_PREPROCESSOR_DEFINITIONS = (
					"DEBUG=1",
					"$(inherited)",
				);
				GCC_WARN_64_TO_32_BIT_CONVERSION = YES;
				GCC_WARN_ABOUT_RETURN_TYPE = YES_ERROR;
				GCC_WARN_UNDECLARED_SELECTOR = YES;
				GCC_WARN_UNINITIALIZED_AUTOS = YES_AGGRESSIVE;
				GCC_WARN_UNUSED_FUNCTION = YES;
				GCC_WARN_UNUSED_VARIABLE = YES;
				IPHONEOS_DEPLOYMENT_TARGET = 9.0;
				MTL_ENABLE_DEBUG_INFO = YES;
				ONLY_ACTIVE_ARCH = YES;
				SDKROOT = iphoneos;
				SWIFT_OPTIMIZATION_LEVEL = "-Onone";
			};
			name = Debug;
		};
		807DD4171C18315500692D78 /* Release */ = {
			isa = XCBuildConfiguration;
			buildSettings = {
				ALWAYS_SEARCH_USER_PATHS = NO;
				CLANG_CXX_LANGUAGE_STANDARD = "gnu++0x";
				CLANG_CXX_LIBRARY = "libc++";
				CLANG_ENABLE_MODULES = YES;
				CLANG_ENABLE_OBJC_ARC = YES;
				CLANG_WARN_BOOL_CONVERSION = YES;
				CLANG_WARN_CONSTANT_CONVERSION = YES;
				CLANG_WARN_DIRECT_OBJC_ISA_USAGE = YES_ERROR;
				CLANG_WARN_EMPTY_BODY = YES;
				CLANG_WARN_ENUM_CONVERSION = YES;
				CLANG_WARN_INT_CONVERSION = YES;
				CLANG_WARN_OBJC_ROOT_CLASS = YES_ERROR;
				CLANG_WARN_UNREACHABLE_CODE = YES;
				CLANG_WARN__DUPLICATE_METHOD_MATCH = YES;
				"CODE_SIGN_IDENTITY[sdk=iphoneos*]" = "iPhone Developer";
				COPY_PHASE_STRIP = NO;
				DEBUG_INFORMATION_FORMAT = "dwarf-with-dsym";
				ENABLE_NS_ASSERTIONS = NO;
				ENABLE_STRICT_OBJC_MSGSEND = YES;
				GCC_C_LANGUAGE_STANDARD = gnu99;
				GCC_NO_COMMON_BLOCKS = YES;
				GCC_WARN_64_TO_32_BIT_CONVERSION = YES;
				GCC_WARN_ABOUT_RETURN_TYPE = YES_ERROR;
				GCC_WARN_UNDECLARED_SELECTOR = YES;
				GCC_WARN_UNINITIALIZED_AUTOS = YES_AGGRESSIVE;
				GCC_WARN_UNUSED_FUNCTION = YES;
				GCC_WARN_UNUSED_VARIABLE = YES;
				IPHONEOS_DEPLOYMENT_TARGET = 9.0;
				MTL_ENABLE_DEBUG_INFO = NO;
				SDKROOT = iphoneos;
				VALIDATE_PRODUCT = YES;
			};
			name = Release;
		};
		807DD4191C18315500692D78 /* Debug */ = {
			isa = XCBuildConfiguration;
			buildSettings = {
				ASSETCATALOG_COMPILER_APPICON_NAME = AppIcon;
				INFOPLIST_FILE = TSturdy/Info.plist;
				LD_RUNPATH_SEARCH_PATHS = "$(inherited) @executable_path/Frameworks";
				PRODUCT_BUNDLE_IDENTIFIER = InjeUni.TSturdy;
				PRODUCT_NAME = "$(TARGET_NAME)";
			};
			name = Debug;
		};
		807DD41A1C18315500692D78 /* Release */ = {
			isa = XCBuildConfiguration;
			buildSettings = {
				ASSETCATALOG_COMPILER_APPICON_NAME = AppIcon;
				INFOPLIST_FILE = TSturdy/Info.plist;
				LD_RUNPATH_SEARCH_PATHS = "$(inherited) @executable_path/Frameworks";
				PRODUCT_BUNDLE_IDENTIFIER = InjeUni.TSturdy;
				PRODUCT_NAME = "$(TARGET_NAME)";
			};
			name = Release;
		};
		807DD41C1C18315500692D78 /* Debug */ = {
			isa = XCBuildConfiguration;
			buildSettings = {
				BUNDLE_LOADER = "$(TEST_HOST)";
				INFOPLIST_FILE = TSturdyTests/Info.plist;
				LD_RUNPATH_SEARCH_PATHS = "$(inherited) @executable_path/Frameworks @loader_path/Frameworks";
				PRODUCT_BUNDLE_IDENTIFIER = InjeUni.TSturdyTests;
				PRODUCT_NAME = "$(TARGET_NAME)";
				TEST_HOST = "$(BUILT_PRODUCTS_DIR)/TSturdy.app/TSturdy";
			};
			name = Debug;
		};
		807DD41D1C18315500692D78 /* Release */ = {
			isa = XCBuildConfiguration;
			buildSettings = {
				BUNDLE_LOADER = "$(TEST_HOST)";
				INFOPLIST_FILE = TSturdyTests/Info.plist;
				LD_RUNPATH_SEARCH_PATHS = "$(inherited) @executable_path/Frameworks @loader_path/Frameworks";
				PRODUCT_BUNDLE_IDENTIFIER = InjeUni.TSturdyTests;
				PRODUCT_NAME = "$(TARGET_NAME)";
				TEST_HOST = "$(BUILT_PRODUCTS_DIR)/TSturdy.app/TSturdy";
			};
			name = Release;
		};
		807DD41F1C18315500692D78 /* Debug */ = {
			isa = XCBuildConfiguration;
			buildSettings = {
				INFOPLIST_FILE = TSturdyUITests/Info.plist;
				LD_RUNPATH_SEARCH_PATHS = "$(inherited) @executable_path/Frameworks @loader_path/Frameworks";
				PRODUCT_BUNDLE_IDENTIFIER = InjeUni.TSturdyUITests;
				PRODUCT_NAME = "$(TARGET_NAME)";
				TEST_TARGET_NAME = TSturdy;
				USES_XCTRUNNER = YES;
			};
			name = Debug;
		};
		807DD4201C18315500692D78 /* Release */ = {
			isa = XCBuildConfiguration;
			buildSettings = {
				INFOPLIST_FILE = TSturdyUITests/Info.plist;
				LD_RUNPATH_SEARCH_PATHS = "$(inherited) @executable_path/Frameworks @loader_path/Frameworks";
				PRODUCT_BUNDLE_IDENTIFIER = InjeUni.TSturdyUITests;
				PRODUCT_NAME = "$(TARGET_NAME)";
				TEST_TARGET_NAME = TSturdy;
				USES_XCTRUNNER = YES;
			};
			name = Release;
		};
/* End XCBuildConfiguration section */

/* Begin XCConfigurationList section */
		807DD3E81C18315500692D78 /* Build configuration list for PBXProject "TSturdy" */ = {
			isa = XCConfigurationList;
			buildConfigurations = (
				807DD4161C18315500692D78 /* Debug */,
				807DD4171C18315500692D78 /* Release */,
			);
			defaultConfigurationIsVisible = 0;
			defaultConfigurationName = Release;
		};
		807DD4181C18315500692D78 /* Build configuration list for PBXNativeTarget "TSturdy" */ = {
			isa = XCConfigurationList;
			buildConfigurations = (
				807DD4191C18315500692D78 /* Debug */,
				807DD41A1C18315500692D78 /* Release */,
			);
			defaultConfigurationIsVisible = 0;
		};
		807DD41B1C18315500692D78 /* Build configuration list for PBXNativeTarget "TSturdyTests" */ = {
			isa = XCConfigurationList;
			buildConfigurations = (
				807DD41C1C18315500692D78 /* Debug */,
				807DD41D1C18315500692D78 /* Release */,
			);
			defaultConfigurationIsVisible = 0;
		};
		807DD41E1C18315500692D78 /* Build configuration list for PBXNativeTarget "TSturdyUITests" */ = {
			isa = XCConfigurationList;
			buildConfigurations = (
				807DD41F1C18315500692D78 /* Debug */,
				807DD4201C18315500692D78 /* Release */,
			);
			defaultConfigurationIsVisible = 0;
		};
/* End XCConfigurationList section */

/* Begin XCVersionGroup section */
		807DD3F71C18315500692D78 /* TSturdy.xcdatamodeld */ = {
			isa = XCVersionGroup;
			children = (
				807DD3F81C18315500692D78 /* TSturdy.xcdatamodel */,
			);
			currentVersion = 807DD3F81C18315500692D78 /* TSturdy.xcdatamodel */;
			path = TSturdy.xcdatamodeld;
			sourceTree = "<group>";
			versionGroupType = wrapper.xcdatamodel;
		};
/* End XCVersionGroup section */
	};
	rootObject = 807DD3E51C18315500692D78 /* Project object */;
}
